<Solution>
  <Project Path="MarketTJ.Application.Tests/MarketTJ.Application.Tests.csproj" />
  <Project Path="MarketTJ.Application/MarketTJ.Application.csproj" />
  <Project Path="MarketTJ.Domain/MarketTJ.Domain.csproj" />
  <Project Path="MarketTJ.Infrastructure/MarketTJ.Infrastructure.csproj" />
  <Project Path="MarketTJ.WebApi/MarketTJ.WebApi.csproj" />
</Solution>
